# This file is automatically @generated by Cargo.
# It is not intended for manual editing.
version = 3

[[package]]
name = "backup_home"
version = "0.1.0"
dependencies = [
 "rust-cli",
]

[[package]]
name = "rust-cli"
version = "0.20.0"
source = "git+https://github.com/GrantFBarnes/rust-cli#7af48e9ff81d1be3d10920258c4a91d600f89918"
