# This file is automatically @generated by Cargo.
# It is not intended for manual editing.
version = 3

[[package]]
name = "backup_home"
version = "0.1.0"
dependencies = [
 "rust-cli",
]

[[package]]
name = "rust-cli"
version = "0.17.0"
source = "git+https://github.com/GrantFBarnes/rust-cli#bad72230c09a1ec4c9c0a5c55d56c75beac20266"
