# This file is automatically @generated by Cargo.
# It is not intended for manual editing.
version = 3

[[package]]
name = "backup_home"
version = "0.1.0"
dependencies = [
 "rust-cli",
]

[[package]]
name = "rust-cli"
version = "0.16.0"
source = "git+https://github.com/GrantFBarnes/rust-cli#3e5d25af9767dab86eb59973157f8cb2b3ec5f0f"
