# This file is automatically @generated by Cargo.
# It is not intended for manual editing.
version = 3

[[package]]
name = "linux_setup"
version = "0.1.0"
dependencies = [
 "rust-cli",
]

[[package]]
name = "rust-cli"
version = "0.21.0"
source = "git+https://github.com/GrantFBarnes/rust-cli#b771c6985a582e6533223f8678583fd3921e723f"
