# This file is automatically @generated by Cargo.
# It is not intended for manual editing.
version = 3

[[package]]
name = "linux_setup"
version = "0.1.0"
dependencies = [
 "rust-cli",
]

[[package]]
name = "rust-cli"
version = "0.19.2"
source = "git+https://github.com/GrantFBarnes/rust-cli#f784a9ab0b523b9c36b415e966650f51d9f0a585"
