# This file is automatically @generated by Cargo.
# It is not intended for manual editing.
version = 3

[[package]]
name = "image_resizer"
version = "0.1.0"
dependencies = [
 "rust-cli",
]

[[package]]
name = "rust-cli"
version = "0.19.0"
source = "git+https://github.com/GrantFBarnes/rust-cli#47b63ba67e243350a30379e6aa2feba4e067b017"
