# This file is automatically @generated by Cargo.
# It is not intended for manual editing.
version = 3

[[package]]
name = "image_resizer"
version = "0.1.0"
dependencies = [
 "rust-cli",
]

[[package]]
name = "rust-cli"
version = "0.14.0"
source = "git+https://github.com/GrantFBarnes/rust-cli#d1c527f2d864d40cc63cfe6c5203769a6acf3bbb"
