# This file is automatically @generated by Cargo.
# It is not intended for manual editing.
version = 3

[[package]]
name = "rust-cli"
version = "0.13.0"
source = "git+https://github.com/GrantFBarnes/rust-cli#6d73f66f0d6548f36687efdb62651cf24d0d3027"

[[package]]
name = "sfs"
version = "0.1.0"
dependencies = [
 "rust-cli",
]
