# This file is automatically @generated by Cargo.
# It is not intended for manual editing.
version = 3

[[package]]
name = "rust-cli"
version = "0.5.0"
source = "git+https://github.com/GrantFBarnes/rust-cli#c87165185ab9e3f10f52a8706950605f8ce6ab55"

[[package]]
name = "sfs"
version = "0.1.0"
dependencies = [
 "rust-cli",
]
