# This file is automatically @generated by Cargo.
# It is not intended for manual editing.
version = 3

[[package]]
name = "rust-cli"
version = "0.4.0"
source = "git+https://github.com/GrantFBarnes/rust-cli#3688a880a267532b81cc7d56387b429891b15be7"

[[package]]
name = "sfs"
version = "0.1.0"
dependencies = [
 "rust-cli",
]
